
Microsoft Visual Studio Solution File, Format Version 12.00
# Visual Studio Version 16
VisualStudioVersion = 16.0.30517.126
MinimumVisualStudioVersion = 10.0.40219.1
Project("{FAE04EC0-301F-11D3-BF4B-00C04F79EFBC}") = "StudySamples.ConsoleUi", "StudySamples.Console\StudySamples.ConsoleUi.csproj", "{8EFB9603-624E-408A-ACA4-992FA1C22A33}"
EndProject
Global
	GlobalSection(SolutionConfigurationPlatforms) = preSolution
		Debug|Any CPU = Debug|Any CPU
		Release|Any CPU = Release|Any CPU
	EndGlobalSection
	GlobalSection(ProjectConfigurationPlatforms) = postSolution
		{8EFB9603-624E-408A-ACA4-992FA1C22A33}.Debug|Any CPU.ActiveCfg = Debug|Any CPU
		{8EFB9603-624E-408A-ACA4-992FA1C22A33}.Debug|Any CPU.Build.0 = Debug|Any CPU
		{8EFB9603-624E-408A-ACA4-992FA1C22A33}.Release|Any CPU.ActiveCfg = Release|Any CPU
		{8EFB9603-624E-408A-ACA4-992FA1C22A33}.Release|Any CPU.Build.0 = Release|Any CPU
	EndGlobalSection
	GlobalSection(SolutionProperties) = preSolution
		HideSolutionNode = FALSE
	EndGlobalSection
	GlobalSection(ExtensibilityGlobals) = postSolution
		SolutionGuid = {8E26F7DF-DD5A-4C0B-A348-877680CA32F5}
	EndGlobalSection
EndGlobal
